
Microsoft Visual Studio Solution File, Format Version 12.00
# Visual Studio 2017
Project("{FAE04EC0-301F-11D3-BF4B-00C04F79EFBC}") = "Taller-Vertical-2018", "Taller-Vertical-2018.csproj", "{C5B594BF-8DA0-7AB8-3F8A-103D620A42E4}"
EndProject
Project("{FAE04EC0-301F-11D3-BF4B-00C04F79EFBC}") = "Taller-Vertical-2018.Editor", "Taller-Vertical-2018.Editor.csproj", "{C9D067AB-F9CF-3B7D-5AE0-540EA8C8E2F1}"
EndProject
Global
	GlobalSection(SolutionConfigurationPlatforms) = preSolution
		Debug|Any CPU = Debug|Any CPU
		Release|Any CPU = Release|Any CPU
	EndGlobalSection
	GlobalSection(ProjectConfigurationPlatforms) = postSolution
		{C5B594BF-8DA0-7AB8-3F8A-103D620A42E4}.Debug|Any CPU.ActiveCfg = Debug|Any CPU
		{C5B594BF-8DA0-7AB8-3F8A-103D620A42E4}.Debug|Any CPU.Build.0 = Debug|Any CPU
		{C5B594BF-8DA0-7AB8-3F8A-103D620A42E4}.Release|Any CPU.ActiveCfg = Release|Any CPU
		{C5B594BF-8DA0-7AB8-3F8A-103D620A42E4}.Release|Any CPU.Build.0 = Release|Any CPU
		{C9D067AB-F9CF-3B7D-5AE0-540EA8C8E2F1}.Debug|Any CPU.ActiveCfg = Debug|Any CPU
		{C9D067AB-F9CF-3B7D-5AE0-540EA8C8E2F1}.Debug|Any CPU.Build.0 = Debug|Any CPU
		{C9D067AB-F9CF-3B7D-5AE0-540EA8C8E2F1}.Release|Any CPU.ActiveCfg = Release|Any CPU
		{C9D067AB-F9CF-3B7D-5AE0-540EA8C8E2F1}.Release|Any CPU.Build.0 = Release|Any CPU
	EndGlobalSection
	GlobalSection(SolutionProperties) = preSolution
		HideSolutionNode = FALSE
	EndGlobalSection
EndGlobal
