
Microsoft Visual Studio Solution File, Format Version 11.00
# Visual Studio 2010
Project("{FAE04EC0-301F-11D3-BF4B-00C04F79EFBC}") = "TVTemporal", "Assembly-CSharp.csproj", "{FF33DBB0-6929-C2A0-A3AA-76FBF9F187D9}"
EndProject
Project("{FAE04EC0-301F-11D3-BF4B-00C04F79EFBC}") = "TVTemporal", "Assembly-CSharp-Editor.csproj", "{40669C09-1E4A-6A9C-574A-32FA0DBDF3B0}"
EndProject
Global
	GlobalSection(SolutionConfigurationPlatforms) = preSolution
		Debug|Any CPU = Debug|Any CPU
		Release|Any CPU = Release|Any CPU
	EndGlobalSection
	GlobalSection(ProjectConfigurationPlatforms) = postSolution
		{FF33DBB0-6929-C2A0-A3AA-76FBF9F187D9}.Debug|Any CPU.ActiveCfg = Debug|Any CPU
		{FF33DBB0-6929-C2A0-A3AA-76FBF9F187D9}.Debug|Any CPU.Build.0 = Debug|Any CPU
		{FF33DBB0-6929-C2A0-A3AA-76FBF9F187D9}.Release|Any CPU.ActiveCfg = Release|Any CPU
		{FF33DBB0-6929-C2A0-A3AA-76FBF9F187D9}.Release|Any CPU.Build.0 = Release|Any CPU
		{40669C09-1E4A-6A9C-574A-32FA0DBDF3B0}.Debug|Any CPU.ActiveCfg = Debug|Any CPU
		{40669C09-1E4A-6A9C-574A-32FA0DBDF3B0}.Debug|Any CPU.Build.0 = Debug|Any CPU
		{40669C09-1E4A-6A9C-574A-32FA0DBDF3B0}.Release|Any CPU.ActiveCfg = Release|Any CPU
		{40669C09-1E4A-6A9C-574A-32FA0DBDF3B0}.Release|Any CPU.Build.0 = Release|Any CPU
	EndGlobalSection
	GlobalSection(SolutionProperties) = preSolution
		HideSolutionNode = FALSE
	EndGlobalSection
	GlobalSection(MonoDevelopProperties) = preSolution
		StartupItem = Assembly-CSharp.csproj
	EndGlobalSection
EndGlobal
